
Microsoft Visual Studio Solution File, Format Version 12.00
# Visual Studio 15
VisualStudioVersion = 15.0.27130.2003
MinimumVisualStudioVersion = 10.0.40219.1
Project("{FAE04EC0-301F-11D3-BF4B-00C04F79EFBC}") = "ChitFundRegistration", "ChitApplication\ChitFundRegistration.csproj", "{5546BF72-4922-494A-BAC8-1780629BCA7F}"
EndProject
Project("{FAE04EC0-301F-11D3-BF4B-00C04F79EFBC}") = "RegistrationInputs", "RegistrationInputs\RegistrationInputs.csproj", "{16DE0614-EFDB-49D9-A4DF-ADA43D0AA827}"
EndProject
Project("{FAE04EC0-301F-11D3-BF4B-00C04F79EFBC}") = "ChitFundDataBaseOperations", "DataBaseConnection\ChitFundDataBaseOperations.csproj", "{386D92DE-7128-4C8A-837C-30033E20A0EE}"
EndProject
Global
	GlobalSection(SolutionConfigurationPlatforms) = preSolution
		Debug|Any CPU = Debug|Any CPU
		Release|Any CPU = Release|Any CPU
	EndGlobalSection
	GlobalSection(ProjectConfigurationPlatforms) = postSolution
		{5546BF72-4922-494A-BAC8-1780629BCA7F}.Debug|Any CPU.ActiveCfg = Debug|Any CPU
		{5546BF72-4922-494A-BAC8-1780629BCA7F}.Debug|Any CPU.Build.0 = Debug|Any CPU
		{5546BF72-4922-494A-BAC8-1780629BCA7F}.Release|Any CPU.ActiveCfg = Release|Any CPU
		{5546BF72-4922-494A-BAC8-1780629BCA7F}.Release|Any CPU.Build.0 = Release|Any CPU
		{16DE0614-EFDB-49D9-A4DF-ADA43D0AA827}.Debug|Any CPU.ActiveCfg = Debug|Any CPU
		{16DE0614-EFDB-49D9-A4DF-ADA43D0AA827}.Debug|Any CPU.Build.0 = Debug|Any CPU
		{16DE0614-EFDB-49D9-A4DF-ADA43D0AA827}.Release|Any CPU.ActiveCfg = Release|Any CPU
		{16DE0614-EFDB-49D9-A4DF-ADA43D0AA827}.Release|Any CPU.Build.0 = Release|Any CPU
		{386D92DE-7128-4C8A-837C-30033E20A0EE}.Debug|Any CPU.ActiveCfg = Debug|Any CPU
		{386D92DE-7128-4C8A-837C-30033E20A0EE}.Debug|Any CPU.Build.0 = Debug|Any CPU
		{386D92DE-7128-4C8A-837C-30033E20A0EE}.Release|Any CPU.ActiveCfg = Release|Any CPU
		{386D92DE-7128-4C8A-837C-30033E20A0EE}.Release|Any CPU.Build.0 = Release|Any CPU
	EndGlobalSection
	GlobalSection(SolutionProperties) = preSolution
		HideSolutionNode = FALSE
	EndGlobalSection
	GlobalSection(ExtensibilityGlobals) = postSolution
		SolutionGuid = {D79DFB85-8E1F-4095-95D1-EC8D11EF1DA7}
	EndGlobalSection
EndGlobal
