
Microsoft Visual Studio Solution File, Format Version 12.00
# Visual Studio 15
VisualStudioVersion = 15.0.27130.2003
MinimumVisualStudioVersion = 10.0.40219.1
Project("{FAE04EC0-301F-11D3-BF4B-00C04F79EFBC}") = "PrintCharOfString", "PrintCharOfString\PrintCharOfString.csproj", "{3274FAA0-1100-4DC7-9EB1-5CD7BFD48052}"
EndProject
Global
	GlobalSection(SolutionConfigurationPlatforms) = preSolution
		Debug|Any CPU = Debug|Any CPU
		Release|Any CPU = Release|Any CPU
	EndGlobalSection
	GlobalSection(ProjectConfigurationPlatforms) = postSolution
		{3274FAA0-1100-4DC7-9EB1-5CD7BFD48052}.Debug|Any CPU.ActiveCfg = Debug|Any CPU
		{3274FAA0-1100-4DC7-9EB1-5CD7BFD48052}.Debug|Any CPU.Build.0 = Debug|Any CPU
		{3274FAA0-1100-4DC7-9EB1-5CD7BFD48052}.Release|Any CPU.ActiveCfg = Release|Any CPU
		{3274FAA0-1100-4DC7-9EB1-5CD7BFD48052}.Release|Any CPU.Build.0 = Release|Any CPU
	EndGlobalSection
	GlobalSection(SolutionProperties) = preSolution
		HideSolutionNode = FALSE
	EndGlobalSection
	GlobalSection(ExtensibilityGlobals) = postSolution
		SolutionGuid = {F5F3BE2D-1628-491B-A287-18C6BD7073AB}
	EndGlobalSection
EndGlobal
