
Microsoft Visual Studio Solution File, Format Version 12.00
# Visual Studio 15
VisualStudioVersion = 15.0.27130.2010
MinimumVisualStudioVersion = 10.0.40219.1
Project("{FAE04EC0-301F-11D3-BF4B-00C04F79EFBC}") = "Reference", "Reference\Reference.csproj", "{57D59E61-B4F8-4CDD-AF0F-9435D36A11D5}"
EndProject
Global
	GlobalSection(SolutionConfigurationPlatforms) = preSolution
		Debug|Any CPU = Debug|Any CPU
		Release|Any CPU = Release|Any CPU
	EndGlobalSection
	GlobalSection(ProjectConfigurationPlatforms) = postSolution
		{57D59E61-B4F8-4CDD-AF0F-9435D36A11D5}.Debug|Any CPU.ActiveCfg = Debug|Any CPU
		{57D59E61-B4F8-4CDD-AF0F-9435D36A11D5}.Debug|Any CPU.Build.0 = Debug|Any CPU
		{57D59E61-B4F8-4CDD-AF0F-9435D36A11D5}.Release|Any CPU.ActiveCfg = Release|Any CPU
		{57D59E61-B4F8-4CDD-AF0F-9435D36A11D5}.Release|Any CPU.Build.0 = Release|Any CPU
	EndGlobalSection
	GlobalSection(SolutionProperties) = preSolution
		HideSolutionNode = FALSE
	EndGlobalSection
	GlobalSection(ExtensibilityGlobals) = postSolution
		SolutionGuid = {2D501C52-A845-4264-83DC-A2830F620968}
	EndGlobalSection
EndGlobal
