
Microsoft Visual Studio Solution File, Format Version 12.00
# Visual Studio 15
VisualStudioVersion = 15.0.27130.2003
MinimumVisualStudioVersion = 10.0.40219.1
Project("{FAE04EC0-301F-11D3-BF4B-00C04F79EFBC}") = "CSharpArrayList", "CSharpArrayList\CSharpArrayList.csproj", "{1BBA6606-2C9F-412B-8B37-21EBF356A7AF}"
EndProject
Global
	GlobalSection(SolutionConfigurationPlatforms) = preSolution
		Debug|Any CPU = Debug|Any CPU
		Release|Any CPU = Release|Any CPU
	EndGlobalSection
	GlobalSection(ProjectConfigurationPlatforms) = postSolution
		{1BBA6606-2C9F-412B-8B37-21EBF356A7AF}.Debug|Any CPU.ActiveCfg = Debug|Any CPU
		{1BBA6606-2C9F-412B-8B37-21EBF356A7AF}.Debug|Any CPU.Build.0 = Debug|Any CPU
		{1BBA6606-2C9F-412B-8B37-21EBF356A7AF}.Release|Any CPU.ActiveCfg = Release|Any CPU
		{1BBA6606-2C9F-412B-8B37-21EBF356A7AF}.Release|Any CPU.Build.0 = Release|Any CPU
	EndGlobalSection
	GlobalSection(SolutionProperties) = preSolution
		HideSolutionNode = FALSE
	EndGlobalSection
	GlobalSection(ExtensibilityGlobals) = postSolution
		SolutionGuid = {4BDF3712-84AE-425C-B854-6B201634987D}
	EndGlobalSection
EndGlobal
